
Microsoft Visual Studio Solution File, Format Version 12.00
# Visual Studio 14
VisualStudioVersion = 14.0.25420.1
MinimumVisualStudioVersion = 10.0.40219.1
Project("{2150E333-8FDC-42A3-9474-1A3956D46DE8}") = "SolutionItems", "SolutionItems", "{92120683-C335-4DFF-B3D0-FBDFBE2C2907}"
	ProjectSection(SolutionItems) = preProject
		..\.gitignore = ..\.gitignore
		..\LICENSE = ..\LICENSE
		..\README.md = ..\README.md
	EndProjectSection
EndProject
Project("{FAE04EC0-301F-11D3-BF4B-00C04F79EFBC}") = "Corvus.Amf", "Corvus.Amf\Corvus.Amf.csproj", "{C3142103-FC2F-4AF6-A47C-DEC97CE2A7D6}"
EndProject
Project("{FAE04EC0-301F-11D3-BF4B-00C04F79EFBC}") = "Corvus", "Corvus\Corvus.csproj", "{4CC75801-9F1D-4C06-AA90-34F7F24209FF}"
EndProject
Global
	GlobalSection(SolutionConfigurationPlatforms) = preSolution
		Debug|Any CPU = Debug|Any CPU
		Debug|ARM = Debug|ARM
		Debug|x64 = Debug|x64
		Debug|x86 = Debug|x86
		Release|Any CPU = Release|Any CPU
		Release|ARM = Release|ARM
		Release|x64 = Release|x64
		Release|x86 = Release|x86
	EndGlobalSection
	GlobalSection(ProjectConfigurationPlatforms) = postSolution
		{C3142103-FC2F-4AF6-A47C-DEC97CE2A7D6}.Debug|Any CPU.ActiveCfg = Debug|Any CPU
		{C3142103-FC2F-4AF6-A47C-DEC97CE2A7D6}.Debug|Any CPU.Build.0 = Debug|Any CPU
		{C3142103-FC2F-4AF6-A47C-DEC97CE2A7D6}.Debug|ARM.ActiveCfg = Debug|Any CPU
		{C3142103-FC2F-4AF6-A47C-DEC97CE2A7D6}.Debug|ARM.Build.0 = Debug|Any CPU
		{C3142103-FC2F-4AF6-A47C-DEC97CE2A7D6}.Debug|x64.ActiveCfg = Debug|Any CPU
		{C3142103-FC2F-4AF6-A47C-DEC97CE2A7D6}.Debug|x64.Build.0 = Debug|Any CPU
		{C3142103-FC2F-4AF6-A47C-DEC97CE2A7D6}.Debug|x86.ActiveCfg = Debug|Any CPU
		{C3142103-FC2F-4AF6-A47C-DEC97CE2A7D6}.Debug|x86.Build.0 = Debug|Any CPU
		{C3142103-FC2F-4AF6-A47C-DEC97CE2A7D6}.Release|Any CPU.ActiveCfg = Release|Any CPU
		{C3142103-FC2F-4AF6-A47C-DEC97CE2A7D6}.Release|Any CPU.Build.0 = Release|Any CPU
		{C3142103-FC2F-4AF6-A47C-DEC97CE2A7D6}.Release|ARM.ActiveCfg = Release|Any CPU
		{C3142103-FC2F-4AF6-A47C-DEC97CE2A7D6}.Release|ARM.Build.0 = Release|Any CPU
		{C3142103-FC2F-4AF6-A47C-DEC97CE2A7D6}.Release|x64.ActiveCfg = Release|Any CPU
		{C3142103-FC2F-4AF6-A47C-DEC97CE2A7D6}.Release|x64.Build.0 = Release|Any CPU
		{C3142103-FC2F-4AF6-A47C-DEC97CE2A7D6}.Release|x86.ActiveCfg = Release|Any CPU
		{C3142103-FC2F-4AF6-A47C-DEC97CE2A7D6}.Release|x86.Build.0 = Release|Any CPU
		{4CC75801-9F1D-4C06-AA90-34F7F24209FF}.Debug|Any CPU.ActiveCfg = Debug|Any CPU
		{4CC75801-9F1D-4C06-AA90-34F7F24209FF}.Debug|Any CPU.Build.0 = Debug|Any CPU
		{4CC75801-9F1D-4C06-AA90-34F7F24209FF}.Debug|ARM.ActiveCfg = Debug|Any CPU
		{4CC75801-9F1D-4C06-AA90-34F7F24209FF}.Debug|ARM.Build.0 = Debug|Any CPU
		{4CC75801-9F1D-4C06-AA90-34F7F24209FF}.Debug|x64.ActiveCfg = Debug|Any CPU
		{4CC75801-9F1D-4C06-AA90-34F7F24209FF}.Debug|x64.Build.0 = Debug|Any CPU
		{4CC75801-9F1D-4C06-AA90-34F7F24209FF}.Debug|x86.ActiveCfg = Debug|Any CPU
		{4CC75801-9F1D-4C06-AA90-34F7F24209FF}.Debug|x86.Build.0 = Debug|Any CPU
		{4CC75801-9F1D-4C06-AA90-34F7F24209FF}.Release|Any CPU.ActiveCfg = Release|Any CPU
		{4CC75801-9F1D-4C06-AA90-34F7F24209FF}.Release|Any CPU.Build.0 = Release|Any CPU
		{4CC75801-9F1D-4C06-AA90-34F7F24209FF}.Release|ARM.ActiveCfg = Release|Any CPU
		{4CC75801-9F1D-4C06-AA90-34F7F24209FF}.Release|ARM.Build.0 = Release|Any CPU
		{4CC75801-9F1D-4C06-AA90-34F7F24209FF}.Release|x64.ActiveCfg = Release|Any CPU
		{4CC75801-9F1D-4C06-AA90-34F7F24209FF}.Release|x64.Build.0 = Release|Any CPU
		{4CC75801-9F1D-4C06-AA90-34F7F24209FF}.Release|x86.ActiveCfg = Release|Any CPU
		{4CC75801-9F1D-4C06-AA90-34F7F24209FF}.Release|x86.Build.0 = Release|Any CPU
	EndGlobalSection
	GlobalSection(SolutionProperties) = preSolution
		HideSolutionNode = FALSE
	EndGlobalSection
EndGlobal
